// !$*UTF8*$!
{
	archiveVersion = 1;
	classes = {
	};
	objectVersion = 56;
	objects = {

/* Begin PBXBuildFile section */
		F352B4022B4E802B00664485 /* AppDelegate.swift in Sources */ = {isa = PBXBuildFile; fileRef = F352B4012B4E802B00664485 /* AppDelegate.swift */; };
		F352B4042B4E802B00664485 /* SceneDelegate.swift in Sources */ = {isa = PBXBuildFile; fileRef = F352B4032B4E802B00664485 /* SceneDelegate.swift */; };
		F352B4062B4E802B00664485 /* ViewController.swift in Sources */ = {isa = PBXBuildFile; fileRef = F352B4052B4E802B00664485 /* ViewController.swift */; };
		F352B4092B4E802B00664485 /* Main.storyboard in Resources */ = {isa = PBXBuildFile; fileRef = F352B4072B4E802B00664485 /* Main.storyboard */; };
		F352B40B2B4E802C00664485 /* Assets.xcassets in Resources */ = {isa = PBXBuildFile; fileRef = F352B40A2B4E802C00664485 /* Assets.xcassets */; };
		F352B40E2B4E802C00664485 /* LaunchScreen.storyboard in Resources */ = {isa = PBXBuildFile; fileRef = F352B40C2B4E802C00664485 /* LaunchScreen.storyboard */; };
		F352B4172B4E812C00664485 /* WorldClockTableViewCell.swift in Sources */ = {isa = PBXBuildFile; fileRef = F352B4162B4E812C00664485 /* WorldClockTableViewCell.swift */; };
		F352B4192B4E81DD00664485 /* City.swift in Sources */ = {isa = PBXBuildFile; fileRef = F352B4182B4E81DD00664485 /* City.swift */; };
		F352B41B2B4E84A100664485 /* WorldClockViewController.swift in Sources */ = {isa = PBXBuildFile; fileRef = F352B41A2B4E84A100664485 /* WorldClockViewController.swift */; };
		F352B41E2B4E858E00664485 /* CityViewController.swift in Sources */ = {isa = PBXBuildFile; fileRef = F352B41C2B4E858E00664485 /* CityViewController.swift */; };
		F352B41F2B4E858E00664485 /* CityTableViewCell.swift in Sources */ = {isa = PBXBuildFile; fileRef = F352B41D2B4E858E00664485 /* CityTableViewCell.swift */; };
		F3B8BEF42B55190A00410447 /* varlet.swift in Sources */ = {isa = PBXBuildFile; fileRef = F3B8BEF32B55190A00410447 /* varlet.swift */; };
		F3B8BEF62B56703F00410447 /* WorldClockzhTWTableViewCell.swift in Sources */ = {isa = PBXBuildFile; fileRef = F3B8BEF52B56703F00410447 /* WorldClockzhTWTableViewCell.swift */; };
		F3B8BEF82B56801500410447 /* .gitignore in Resources */ = {isa = PBXBuildFile; fileRef = F3B8BEF72B56801500410447 /* .gitignore */; };
/* End PBXBuildFile section */

/* Begin PBXFileReference section */
		F352B3FE2B4E802B00664485 /* phw19-3-worldclock.app */ = {isa = PBXFileReference; explicitFileType = wrapper.application; includeInIndex = 0; path = "phw19-3-worldclock.app"; sourceTree = BUILT_PRODUCTS_DIR; };
		F352B4012B4E802B00664485 /* AppDelegate.swift */ = {isa = PBXFileReference; lastKnownFileType = sourcecode.swift; path = AppDelegate.swift; sourceTree = "<group>"; };
		F352B4032B4E802B00664485 /* SceneDelegate.swift */ = {isa = PBXFileReference; lastKnownFileType = sourcecode.swift; path = SceneDelegate.swift; sourceTree = "<group>"; };
		F352B4052B4E802B00664485 /* ViewController.swift */ = {isa = PBXFileReference; lastKnownFileType = sourcecode.swift; path = ViewController.swift; sourceTree = "<group>"; };
		F352B4082B4E802B00664485 /* Base */ = {isa = PBXFileReference; lastKnownFileType = file.storyboard; name = Base; path = Base.lproj/Main.storyboard; sourceTree = "<group>"; };
		F352B40A2B4E802C00664485 /* Assets.xcassets */ = {isa = PBXFileReference; lastKnownFileType = folder.assetcatalog; path = Assets.xcassets; sourceTree = "<group>"; };
		F352B40D2B4E802C00664485 /* Base */ = {isa = PBXFileReference; lastKnownFileType = file.storyboard; name = Base; path = Base.lproj/LaunchScreen.storyboard; sourceTree = "<group>"; };
		F352B40F2B4E802C00664485 /* Info.plist */ = {isa = PBXFileReference; lastKnownFileType = text.plist.xml; path = Info.plist; sourceTree = "<group>"; };
		F352B4162B4E812C00664485 /* WorldClockTableViewCell.swift */ = {isa = PBXFileReference; fileEncoding = 4; lastKnownFileType = sourcecode.swift; path = WorldClockTableViewCell.swift; sourceTree = "<group>"; };
		F352B4182B4E81DD00664485 /* City.swift */ = {isa = PBXFileReference; fileEncoding = 4; lastKnownFileType = sourcecode.swift; path = City.swift; sourceTree = "<group>"; };
		F352B41A2B4E84A100664485 /* WorldClockViewController.swift */ = {isa = PBXFileReference; fileEncoding = 4; lastKnownFileType = sourcecode.swift; path = WorldClockViewController.swift; sourceTree = "<group>"; };
		F352B41C2B4E858E00664485 /* CityViewController.swift */ = {isa = PBXFileReference; fileEncoding = 4; lastKnownFileType = sourcecode.swift; path = CityViewController.swift; sourceTree = "<group>"; };
		F352B41D2B4E858E00664485 /* CityTableViewCell.swift */ = {isa = PBXFileReference; fileEncoding = 4; lastKnownFileType = sourcecode.swift; path = CityTableViewCell.swift; sourceTree = "<group>"; };
		F3B8BEF32B55190A00410447 /* varlet.swift */ = {isa = PBXFileReference; lastKnownFileType = sourcecode.swift; path = varlet.swift; sourceTree = "<group>"; };
		F3B8BEF52B56703F00410447 /* WorldClockzhTWTableViewCell.swift */ = {isa = PBXFileReference; lastKnownFileType = sourcecode.swift; path = WorldClockzhTWTableViewCell.swift; sourceTree = "<group>"; };
		F3B8BEF72B56801500410447 /* .gitignore */ = {isa = PBXFileReference; lastKnownFileType = text; path = .gitignore; sourceTree = "<group>"; };
/* End PBXFileReference section */

/* Begin PBXFrameworksBuildPhase section */
		F352B3FB2B4E802B00664485 /* Frameworks */ = {
			isa = PBXFrameworksBuildPhase;
			buildActionMask = 2147483647;
			files = (
			);
			runOnlyForDeploymentPostprocessing = 0;
		};
/* End PBXFrameworksBuildPhase section */

/* Begin PBXGroup section */
		F352B3F52B4E802B00664485 = {
			isa = PBXGroup;
			children = (
				F3B8BEF72B56801500410447 /* .gitignore */,
				F352B4002B4E802B00664485 /* phw19-3-worldclock */,
				F352B3FF2B4E802B00664485 /* Products */,
			);
			sourceTree = "<group>";
		};
		F352B3FF2B4E802B00664485 /* Products */ = {
			isa = PBXGroup;
			children = (
				F352B3FE2B4E802B00664485 /* phw19-3-worldclock.app */,
			);
			name = Products;
			sourceTree = "<group>";
		};
		F352B4002B4E802B00664485 /* phw19-3-worldclock */ = {
			isa = PBXGroup;
			children = (
				F352B4152B4E811700664485 /* WorldClockController */,
				F352B4012B4E802B00664485 /* AppDelegate.swift */,
				F352B4032B4E802B00664485 /* SceneDelegate.swift */,
				F352B4052B4E802B00664485 /* ViewController.swift */,
				F352B4072B4E802B00664485 /* Main.storyboard */,
				F352B40A2B4E802C00664485 /* Assets.xcassets */,
				F352B40C2B4E802C00664485 /* LaunchScreen.storyboard */,
				F352B40F2B4E802C00664485 /* Info.plist */,
			);
			path = "phw19-3-worldclock";
			sourceTree = "<group>";
		};
		F352B4152B4E811700664485 /* WorldClockController */ = {
			isa = PBXGroup;
			children = (
				F352B4182B4E81DD00664485 /* City.swift */,
				F352B4162B4E812C00664485 /* WorldClockTableViewCell.swift */,
				F3B8BEF52B56703F00410447 /* WorldClockzhTWTableViewCell.swift */,
				F352B41A2B4E84A100664485 /* WorldClockViewController.swift */,
				F352B41D2B4E858E00664485 /* CityTableViewCell.swift */,
				F352B41C2B4E858E00664485 /* CityViewController.swift */,
				F3B8BEF32B55190A00410447 /* varlet.swift */,
			);
			path = WorldClockController;
			sourceTree = "<group>";
		};
/* End PBXGroup section */

/* Begin PBXNativeTarget section */
		F352B3FD2B4E802B00664485 /* phw19-3-worldclock */ = {
			isa = PBXNativeTarget;
			buildConfigurationList = F352B4122B4E802C00664485 /* Build configuration list for PBXNativeTarget "phw19-3-worldclock" */;
			buildPhases = (
				F352B3FA2B4E802B00664485 /* Sources */,
				F352B3FB2B4E802B00664485 /* Frameworks */,
				F352B3FC2B4E802B00664485 /* Resources */,
			);
			buildRules = (
			);
			dependencies = (
			);
			name = "phw19-3-worldclock";
			productName = "phw19-3-worldclock";
			productReference = F352B3FE2B4E802B00664485 /* phw19-3-worldclock.app */;
			productType = "com.apple.product-type.application";
		};
/* End PBXNativeTarget section */

/* Begin PBXProject section */
		F352B3F62B4E802B00664485 /* Project object */ = {
			isa = PBXProject;
			attributes = {
				BuildIndependentTargetsInParallel = 1;
				LastSwiftUpdateCheck = 1500;
				LastUpgradeCheck = 1500;
				TargetAttributes = {
					F352B3FD2B4E802B00664485 = {
						CreatedOnToolsVersion = 15.0;
					};
				};
			};
			buildConfigurationList = F352B3F92B4E802B00664485 /* Build configuration list for PBXProject "phw19-3-worldclock" */;
			compatibilityVersion = "Xcode 14.0";
			developmentRegion = en;
			hasScannedForEncodings = 0;
			knownRegions = (
				en,
				Base,
			);
			mainGroup = F352B3F52B4E802B00664485;
			productRefGroup = F352B3FF2B4E802B00664485 /* Products */;
			projectDirPath = "";
			projectRoot = "";
			targets = (
				F352B3FD2B4E802B00664485 /* phw19-3-worldclock */,
			);
		};
/* End PBXProject section */

/* Begin PBXResourcesBuildPhase section */
		F352B3FC2B4E802B00664485 /* Resources */ = {
			isa = PBXResourcesBuildPhase;
			buildActionMask = 2147483647;
			files = (
				F3B8BEF82B56801500410447 /* .gitignore in Resources */,
				F352B40E2B4E802C00664485 /* LaunchScreen.storyboard in Resources */,
				F352B40B2B4E802C00664485 /* Assets.xcassets in Resources */,
				F352B4092B4E802B00664485 /* Main.storyboard in Resources */,
			);
			runOnlyForDeploymentPostprocessing = 0;
		};
/* End PBXResourcesBuildPhase section */

/* Begin PBXSourcesBuildPhase section */
		F352B3FA2B4E802B00664485 /* Sources */ = {
			isa = PBXSourcesBuildPhase;
			buildActionMask = 2147483647;
			files = (
				F352B41B2B4E84A100664485 /* WorldClockViewController.swift in Sources */,
				F3B8BEF62B56703F00410447 /* WorldClockzhTWTableViewCell.swift in Sources */,
				F352B4062B4E802B00664485 /* ViewController.swift in Sources */,
				F3B8BEF42B55190A00410447 /* varlet.swift in Sources */,
				F352B4022B4E802B00664485 /* AppDelegate.swift in Sources */,
				F352B4042B4E802B00664485 /* SceneDelegate.swift in Sources */,
				F352B4192B4E81DD00664485 /* City.swift in Sources */,
				F352B4172B4E812C00664485 /* WorldClockTableViewCell.swift in Sources */,
				F352B41F2B4E858E00664485 /* CityTableViewCell.swift in Sources */,
				F352B41E2B4E858E00664485 /* CityViewController.swift in Sources */,
			);
			runOnlyForDeploymentPostprocessing = 0;
		};
/* End PBXSourcesBuildPhase section */

/* Begin PBXVariantGroup section */
		F352B4072B4E802B00664485 /* Main.storyboard */ = {
			isa = PBXVariantGroup;
			children = (
				F352B4082B4E802B00664485 /* Base */,
			);
			name = Main.storyboard;
			sourceTree = "<group>";
		};
		F352B40C2B4E802C00664485 /* LaunchScreen.storyboard */ = {
			isa = PBXVariantGroup;
			children = (
				F352B40D2B4E802C00664485 /* Base */,
			);
			name = LaunchScreen.storyboard;
			sourceTree = "<group>";
		};
/* End PBXVariantGroup section */

/* Begin XCBuildConfiguration section */
		F352B4102B4E802C00664485 /* Debug */ = {
			isa = XCBuildConfiguration;
			buildSettings = {
				ALWAYS_SEARCH_USER_PATHS = NO;
				ASSETCATALOG_COMPILER_GENERATE_SWIFT_ASSET_SYMBOL_EXTENSIONS = YES;
				CLANG_ANALYZER_NONNULL = YES;
				CLANG_ANALYZER_NUMBER_OBJECT_CONVERSION = YES_AGGRESSIVE;
				CLANG_CXX_LANGUAGE_STANDARD = "gnu++20";
				CLANG_ENABLE_MODULES = YES;
				CLANG_ENABLE_OBJC_ARC = YES;
				CLANG_ENABLE_OBJC_WEAK = YES;
				CLANG_WARN_BLOCK_CAPTURE_AUTORELEASING = YES;
				CLANG_WARN_BOOL_CONVERSION = YES;
				CLANG_WARN_COMMA = YES;
				CLANG_WARN_CONSTANT_CONVERSION = YES;
				CLANG_WARN_DEPRECATED_OBJC_IMPLEMENTATIONS = YES;
				CLANG_WARN_DIRECT_OBJC_ISA_USAGE = YES_ERROR;
				CLANG_WARN_DOCUMENTATION_COMMENTS = YES;
				CLANG_WARN_EMPTY_BODY = YES;
				CLANG_WARN_ENUM_CONVERSION = YES;
				CLANG_WARN_INFINITE_RECURSION = YES;
				CLANG_WARN_INT_CONVERSION = YES;
				CLANG_WARN_NON_LITERAL_NULL_CONVERSION = YES;
				CLANG_WARN_OBJC_IMPLICIT_RETAIN_SELF = YES;
				CLANG_WARN_OBJC_LITERAL_CONVERSION = YES;
				CLANG_WARN_OBJC_ROOT_CLASS = YES_ERROR;
				CLANG_WARN_QUOTED_INCLUDE_IN_FRAMEWORK_HEADER = YES;
				CLANG_WARN_RANGE_LOOP_ANALYSIS = YES;
				CLANG_WARN_STRICT_PROTOTYPES = YES;
				CLANG_WARN_SUSPICIOUS_MOVE = YES;
				CLANG_WARN_UNGUARDED_AVAILABILITY = YES_AGGRESSIVE;
				CLANG_WARN_UNREACHABLE_CODE = YES;
				CLANG_WARN__DUPLICATE_METHOD_MATCH = YES;
				COPY_PHASE_STRIP = NO;
				DEBUG_INFORMATION_FORMAT = dwarf;
				ENABLE_STRICT_OBJC_MSGSEND = YES;
				ENABLE_TESTABILITY = YES;
				ENABLE_USER_SCRIPT_SANDBOXING = YES;
				GCC_C_LANGUAGE_STANDARD = gnu17;
				GCC_DYNAMIC_NO_PIC = NO;
				GCC_NO_COMMON_BLOCKS = YES;
				GCC_OPTIMIZATION_LEVEL = 0;
				GCC_PREPROCESSOR_DEFINITIONS = (
					"DEBUG=1",
					"$(inherited)",
				);
				GCC_WARN_64_TO_32_BIT_CONVERSION = YES;
				GCC_WARN_ABOUT_RETURN_TYPE = YES_ERROR;
				GCC_WARN_UNDECLARED_SELECTOR = YES;
				GCC_WARN_UNINITIALIZED_AUTOS = YES_AGGRESSIVE;
				GCC_WARN_UNUSED_FUNCTION = YES;
				GCC_WARN_UNUSED_VARIABLE = YES;
				IPHONEOS_DEPLOYMENT_TARGET = 17.0;
				LOCALIZATION_PREFERS_STRING_CATALOGS = YES;
				MTL_ENABLE_DEBUG_INFO = INCLUDE_SOURCE;
				MTL_FAST_MATH = YES;
				ONLY_ACTIVE_ARCH = YES;
				SDKROOT = iphoneos;
				SWIFT_ACTIVE_COMPILATION_CONDITIONS = "DEBUG $(inherited)";
				SWIFT_OPTIMIZATION_LEVEL = "-Onone";
			};
			name = Debug;
		};
		F352B4112B4E802C00664485 /* Release */ = {
			isa = XCBuildConfiguration;
			buildSettings = {
				ALWAYS_SEARCH_USER_PATHS = NO;
				ASSETCATALOG_COMPILER_GENERATE_SWIFT_ASSET_SYMBOL_EXTENSIONS = YES;
				CLANG_ANALYZER_NONNULL = YES;
				CLANG_ANALYZER_NUMBER_OBJECT_CONVERSION = YES_AGGRESSIVE;
				CLANG_CXX_LANGUAGE_STANDARD = "gnu++20";
				CLANG_ENABLE_MODULES = YES;
				CLANG_ENABLE_OBJC_ARC = YES;
				CLANG_ENABLE_OBJC_WEAK = YES;
				CLANG_WARN_BLOCK_CAPTURE_AUTORELEASING = YES;
				CLANG_WARN_BOOL_CONVERSION = YES;
				CLANG_WARN_COMMA = YES;
				CLANG_WARN_CONSTANT_CONVERSION = YES;
				CLANG_WARN_DEPRECATED_OBJC_IMPLEMENTATIONS = YES;
				CLANG_WARN_DIRECT_OBJC_ISA_USAGE = YES_ERROR;
				CLANG_WARN_DOCUMENTATION_COMMENTS = YES;
				CLANG_WARN_EMPTY_BODY = YES;
				CLANG_WARN_ENUM_CONVERSION = YES;
				CLANG_WARN_INFINITE_RECURSION = YES;
				CLANG_WARN_INT_CONVERSION = YES;
				CLANG_WARN_NON_LITERAL_NULL_CONVERSION = YES;
				CLANG_WARN_OBJC_IMPLICIT_RETAIN_SELF = YES;
				CLANG_WARN_OBJC_LITERAL_CONVERSION = YES;
				CLANG_WARN_OBJC_ROOT_CLASS = YES_ERROR;
				CLANG_WARN_QUOTED_INCLUDE_IN_FRAMEWORK_HEADER = YES;
				CLANG_WARN_RANGE_LOOP_ANALYSIS = YES;
				CLANG_WARN_STRICT_PROTOTYPES = YES;
				CLANG_WARN_SUSPICIOUS_MOVE = YES;
				CLANG_WARN_UNGUARDED_AVAILABILITY = YES_AGGRESSIVE;
				CLANG_WARN_UNREACHABLE_CODE = YES;
				CLANG_WARN__DUPLICATE_METHOD_MATCH = YES;
				COPY_PHASE_STRIP = NO;
				DEBUG_INFORMATION_FORMAT = "dwarf-with-dsym";
				ENABLE_NS_ASSERTIONS = NO;
				ENABLE_STRICT_OBJC_MSGSEND = YES;
				ENABLE_USER_SCRIPT_SANDBOXING = YES;
				GCC_C_LANGUAGE_STANDARD = gnu17;
				GCC_NO_COMMON_BLOCKS = YES;
				GCC_WARN_64_TO_32_BIT_CONVERSION = YES;
				GCC_WARN_ABOUT_RETURN_TYPE = YES_ERROR;
				GCC_WARN_UNDECLARED_SELECTOR = YES;
				GCC_WARN_UNINITIALIZED_AUTOS = YES_AGGRESSIVE;
				GCC_WARN_UNUSED_FUNCTION = YES;
				GCC_WARN_UNUSED_VARIABLE = YES;
				IPHONEOS_DEPLOYMENT_TARGET = 17.0;
				LOCALIZATION_PREFERS_STRING_CATALOGS = YES;
				MTL_ENABLE_DEBUG_INFO = NO;
				MTL_FAST_MATH = YES;
				SDKROOT = iphoneos;
				SWIFT_COMPILATION_MODE = wholemodule;
				VALIDATE_PRODUCT = YES;
			};
			name = Release;
		};
		F352B4132B4E802C00664485 /* Debug */ = {
			isa = XCBuildConfiguration;
			buildSettings = {
				ASSETCATALOG_COMPILER_APPICON_NAME = AppIcon;
				ASSETCATALOG_COMPILER_GLOBAL_ACCENT_COLOR_NAME = AccentColor;
				CODE_SIGN_STYLE = Automatic;
				CURRENT_PROJECT_VERSION = 1;
				DEVELOPMENT_TEAM = 3266J6665X;
				GENERATE_INFOPLIST_FILE = YES;
				INFOPLIST_FILE = "phw19-3-worldclock/Info.plist";
				INFOPLIST_KEY_UIApplicationSupportsIndirectInputEvents = YES;
				INFOPLIST_KEY_UILaunchStoryboardName = LaunchScreen;
				INFOPLIST_KEY_UIMainStoryboardFile = Main;
				INFOPLIST_KEY_UISupportedInterfaceOrientations_iPad = "UIInterfaceOrientationPortrait UIInterfaceOrientationPortraitUpsideDown UIInterfaceOrientationLandscapeLeft UIInterfaceOrientationLandscapeRight";
				INFOPLIST_KEY_UISupportedInterfaceOrientations_iPhone = "UIInterfaceOrientationPortrait UIInterfaceOrientationLandscapeLeft UIInterfaceOrientationLandscapeRight";
				LD_RUNPATH_SEARCH_PATHS = (
					"$(inherited)",
					"@executable_path/Frameworks",
				);
				MARKETING_VERSION = 1.0;
				PRODUCT_BUNDLE_IDENTIFIER = "com.jasonhung.phw19-3-worldclock";
				PRODUCT_NAME = "$(TARGET_NAME)";
				SWIFT_EMIT_LOC_STRINGS = YES;
				SWIFT_VERSION = 5.0;
				TARGETED_DEVICE_FAMILY = "1,2";
			};
			name = Debug;
		};
		F352B4142B4E802C00664485 /* Release */ = {
			isa = XCBuildConfiguration;
			buildSettings = {
				ASSETCATALOG_COMPILER_APPICON_NAME = AppIcon;
				ASSETCATALOG_COMPILER_GLOBAL_ACCENT_COLOR_NAME = AccentColor;
				CODE_SIGN_STYLE = Automatic;
				CURRENT_PROJECT_VERSION = 1;
				DEVELOPMENT_TEAM = 3266J6665X;
				GENERATE_INFOPLIST_FILE = YES;
				INFOPLIST_FILE = "phw19-3-worldclock/Info.plist";
				INFOPLIST_KEY_UIApplicationSupportsIndirectInputEvents = YES;
				INFOPLIST_KEY_UILaunchStoryboardName = LaunchScreen;
				INFOPLIST_KEY_UIMainStoryboardFile = Main;
				INFOPLIST_KEY_UISupportedInterfaceOrientations_iPad = "UIInterfaceOrientationPortrait UIInterfaceOrientationPortraitUpsideDown UIInterfaceOrientationLandscapeLeft UIInterfaceOrientationLandscapeRight";
				INFOPLIST_KEY_UISupportedInterfaceOrientations_iPhone = "UIInterfaceOrientationPortrait UIInterfaceOrientationLandscapeLeft UIInterfaceOrientationLandscapeRight";
				LD_RUNPATH_SEARCH_PATHS = (
					"$(inherited)",
					"@executable_path/Frameworks",
				);
				MARKETING_VERSION = 1.0;
				PRODUCT_BUNDLE_IDENTIFIER = "com.jasonhung.phw19-3-worldclock";
				PRODUCT_NAME = "$(TARGET_NAME)";
				SWIFT_EMIT_LOC_STRINGS = YES;
				SWIFT_VERSION = 5.0;
				TARGETED_DEVICE_FAMILY = "1,2";
			};
			name = Release;
		};
/* End XCBuildConfiguration section */

/* Begin XCConfigurationList section */
		F352B3F92B4E802B00664485 /* Build configuration list for PBXProject "phw19-3-worldclock" */ = {
			isa = XCConfigurationList;
			buildConfigurations = (
				F352B4102B4E802C00664485 /* Debug */,
				F352B4112B4E802C00664485 /* Release */,
			);
			defaultConfigurationIsVisible = 0;
			defaultConfigurationName = Release;
		};
		F352B4122B4E802C00664485 /* Build configuration list for PBXNativeTarget "phw19-3-worldclock" */ = {
			isa = XCConfigurationList;
			buildConfigurations = (
				F352B4132B4E802C00664485 /* Debug */,
				F352B4142B4E802C00664485 /* Release */,
			);
			defaultConfigurationIsVisible = 0;
			defaultConfigurationName = Release;
		};
/* End XCConfigurationList section */
	};
	rootObject = F352B3F62B4E802B00664485 /* Project object */;
}
